dependencies:
- name: elasticsearch
  repository: https://helm.elastic.co
  version: 8.5.1
- name: postgresql
  repository: https://charts.bitnami.com/bitnami
  version: 12.5.6
- name: redis
  repository: https://charts.bitnami.com/bitnami
  version: 16.13.2
- name: minio
  repository: https://charts.bitnami.com/bitnami
  version: 14.1.4
digest: sha256:8fdf31a4d997040439437436954b18e84b1dfb3d20fd43628075f796460c1cf6
generated: "2024-04-02T12:16:51.084785766+08:00"
